
Microsoft Visual Studio Solution File, Format Version 12.00
# Visual Studio Version 16
VisualStudioVersion = 16.0.29519.181
MinimumVisualStudioVersion = 10.0.40219.1
Project("{FAE04EC0-301F-11D3-BF4B-00C04F79EFBC}") = "RazorLightTest", "RazorLightTest\RazorLightTest.csproj", "{8F844A3C-55B8-4332-9983-476F0BEEA49D}"
EndProject
Global
	GlobalSection(SolutionConfigurationPlatforms) = preSolution
		Debug|Any CPU = Debug|Any CPU
		Release|Any CPU = Release|Any CPU
	EndGlobalSection
	GlobalSection(ProjectConfigurationPlatforms) = postSolution
		{8F844A3C-55B8-4332-9983-476F0BEEA49D}.Debug|Any CPU.ActiveCfg = Debug|Any CPU
		{8F844A3C-55B8-4332-9983-476F0BEEA49D}.Debug|Any CPU.Build.0 = Debug|Any CPU
		{8F844A3C-55B8-4332-9983-476F0BEEA49D}.Release|Any CPU.ActiveCfg = Release|Any CPU
		{8F844A3C-55B8-4332-9983-476F0BEEA49D}.Release|Any CPU.Build.0 = Release|Any CPU
	EndGlobalSection
	GlobalSection(SolutionProperties) = preSolution
		HideSolutionNode = FALSE
	EndGlobalSection
	GlobalSection(ExtensibilityGlobals) = postSolution
		SolutionGuid = {5C3FF1CB-91C1-496B-8858-5683BF2724EA}
	EndGlobalSection
EndGlobal
